// !$*UTF8*$!
{
	archiveVersion = 1;
	classes = {
	};
	objectVersion = 55;
	objects = {

/* Begin PBXBuildFile section */
		98952C5927BA098300D5778E /* AppDelegate.swift in Sources */ = {isa = PBXBuildFile; fileRef = 98952C5827BA098300D5778E /* AppDelegate.swift */; };
		98952C5B27BA098300D5778E /* SceneDelegate.swift in Sources */ = {isa = PBXBuildFile; fileRef = 98952C5A27BA098300D5778E /* SceneDelegate.swift */; };
		98952C5D27BA098300D5778E /* ViewController.swift in Sources */ = {isa = PBXBuildFile; fileRef = 98952C5C27BA098300D5778E /* ViewController.swift */; };
		98952C6027BA098300D5778E /* Main.storyboard in Resources */ = {isa = PBXBuildFile; fileRef = 98952C5E27BA098300D5778E /* Main.storyboard */; };
		98952C6227BA098500D5778E /* Assets.xcassets in Resources */ = {isa = PBXBuildFile; fileRef = 98952C6127BA098500D5778E /* Assets.xcassets */; };
		98952C6527BA098500D5778E /* LaunchScreen.storyboard in Resources */ = {isa = PBXBuildFile; fileRef = 98952C6327BA098500D5778E /* LaunchScreen.storyboard */; };
		98952C7027BA098500D5778E /* Mudhagoni_CalculatorTests.swift in Sources */ = {isa = PBXBuildFile; fileRef = 98952C6F27BA098500D5778E /* Mudhagoni_CalculatorTests.swift */; };
		98952C7A27BA098500D5778E /* Mudhagoni_CalculatorUITests.swift in Sources */ = {isa = PBXBuildFile; fileRef = 98952C7927BA098500D5778E /* Mudhagoni_CalculatorUITests.swift */; };
		98952C7C27BA098500D5778E /* Mudhagoni_CalculatorUITestsLaunchTests.swift in Sources */ = {isa = PBXBuildFile; fileRef = 98952C7B27BA098500D5778E /* Mudhagoni_CalculatorUITestsLaunchTests.swift */; };
/* End PBXBuildFile section */

/* Begin PBXContainerItemProxy section */
		98952C6C27BA098500D5778E /* PBXContainerItemProxy */ = {
			isa = PBXContainerItemProxy;
			containerPortal = 98952C4D27BA098200D5778E /* Project object */;
			proxyType = 1;
			remoteGlobalIDString = 98952C5427BA098300D5778E;
			remoteInfo = Mudhagoni_Calculator;
		};
		98952C7627BA098500D5778E /* PBXContainerItemProxy */ = {
			isa = PBXContainerItemProxy;
			containerPortal = 98952C4D27BA098200D5778E /* Project object */;
			proxyType = 1;
			remoteGlobalIDString = 98952C5427BA098300D5778E;
			remoteInfo = Mudhagoni_Calculator;
		};
/* End PBXContainerItemProxy section */

/* Begin PBXFileReference section */
		98952C5527BA098300D5778E /* Mudhagoni_Calculator.app */ = {isa = PBXFileReference; explicitFileType = wrapper.application; includeInIndex = 0; path = Mudhagoni_Calculator.app; sourceTree = BUILT_PRODUCTS_DIR; };
		98952C5827BA098300D5778E /* AppDelegate.swift */ = {isa = PBXFileReference; lastKnownFileType = sourcecode.swift; path = AppDelegate.swift; sourceTree = "<group>"; };
		98952C5A27BA098300D5778E /* SceneDelegate.swift */ = {isa = PBXFileReference; lastKnownFileType = sourcecode.swift; path = SceneDelegate.swift; sourceTree = "<group>"; };
		98952C5C27BA098300D5778E /* ViewController.swift */ = {isa = PBXFileReference; lastKnownFileType = sourcecode.swift; path = ViewController.swift; sourceTree = "<group>"; };
		98952C5F27BA098300D5778E /* Base */ = {isa = PBXFileReference; lastKnownFileType = file.storyboard; name = Base; path = Base.lproj/Main.storyboard; sourceTree = "<group>"; };
		98952C6127BA098500D5778E /* Assets.xcassets */ = {isa = PBXFileReference; lastKnownFileType = folder.assetcatalog; path = Assets.xcassets; sourceTree = "<group>"; };
		98952C6427BA098500D5778E /* Base */ = {isa = PBXFileReference; lastKnownFileType = file.storyboard; name = Base; path = Base.lproj/LaunchScreen.storyboard; sourceTree = "<group>"; };
		98952C6627BA098500D5778E /* Info.plist */ = {isa = PBXFileReference; lastKnownFileType = text.plist.xml; path = Info.plist; sourceTree = "<group>"; };
		98952C6B27BA098500D5778E /* Mudhagoni_CalculatorTests.xctest */ = {isa = PBXFileReference; explicitFileType = wrapper.cfbundle; includeInIndex = 0; path = Mudhagoni_CalculatorTests.xctest; sourceTree = BUILT_PRODUCTS_DIR; };
		98952C6F27BA098500D5778E /* Mudhagoni_CalculatorTests.swift */ = {isa = PBXFileReference; lastKnownFileType = sourcecode.swift; path = Mudhagoni_CalculatorTests.swift; sourceTree = "<group>"; };
		98952C7527BA098500D5778E /* Mudhagoni_CalculatorUITests.xctest */ = {isa = PBXFileReference; explicitFileType = wrapper.cfbundle; includeInIndex = 0; path = Mudhagoni_CalculatorUITests.xctest; sourceTree = BUILT_PRODUCTS_DIR; };
		98952C7927BA098500D5778E /* Mudhagoni_CalculatorUITests.swift */ = {isa = PBXFileReference; lastKnownFileType = sourcecode.swift; path = Mudhagoni_CalculatorUITests.swift; sourceTree = "<group>"; };
		98952C7B27BA098500D5778E /* Mudhagoni_CalculatorUITestsLaunchTests.swift */ = {isa = PBXFileReference; lastKnownFileType = sourcecode.swift; path = Mudhagoni_CalculatorUITestsLaunchTests.swift; sourceTree = "<group>"; };
/* End PBXFileReference section */

/* Begin PBXFrameworksBuildPhase section */
		98952C5227BA098300D5778E /* Frameworks */ = {
			isa = PBXFrameworksBuildPhase;
			buildActionMask = 2147483647;
			files = (
			);
			runOnlyForDeploymentPostprocessing = 0;
		};
		98952C6827BA098500D5778E /* Frameworks */ = {
			isa = PBXFrameworksBuildPhase;
			buildActionMask = 2147483647;
			files = (
			);
			runOnlyForDeploymentPostprocessing = 0;
		};
		98952C7227BA098500D5778E /* Frameworks */ = {
			isa = PBXFrameworksBuildPhase;
			buildActionMask = 2147483647;
			files = (
			);
			runOnlyForDeploymentPostprocessing = 0;
		};
/* End PBXFrameworksBuildPhase section */

/* Begin PBXGroup section */
		98952C4C27BA098200D5778E = {
			isa = PBXGroup;
			children = (
				98952C5727BA098300D5778E /* Mudhagoni_Calculator */,
				98952C6E27BA098500D5778E /* Mudhagoni_CalculatorTests */,
				98952C7827BA098500D5778E /* Mudhagoni_CalculatorUITests */,
				98952C5627BA098300D5778E /* Products */,
			);
			sourceTree = "<group>";
		};
		98952C5627BA098300D5778E /* Products */ = {
			isa = PBXGroup;
			children = (
				98952C5527BA098300D5778E /* Mudhagoni_Calculator.app */,
				98952C6B27BA098500D5778E /* Mudhagoni_CalculatorTests.xctest */,
				98952C7527BA098500D5778E /* Mudhagoni_CalculatorUITests.xctest */,
			);
			name = Products;
			sourceTree = "<group>";
		};
		98952C5727BA098300D5778E /* Mudhagoni_Calculator */ = {
			isa = PBXGroup;
			children = (
				98952C5827BA098300D5778E /* AppDelegate.swift */,
				98952C5A27BA098300D5778E /* SceneDelegate.swift */,
				98952C5C27BA098300D5778E /* ViewController.swift */,
				98952C5E27BA098300D5778E /* Main.storyboard */,
				98952C6127BA098500D5778E /* Assets.xcassets */,
				98952C6327BA098500D5778E /* LaunchScreen.storyboard */,
				98952C6627BA098500D5778E /* Info.plist */,
			);
			path = Mudhagoni_Calculator;
			sourceTree = "<group>";
		};
		98952C6E27BA098500D5778E /* Mudhagoni_CalculatorTests */ = {
			isa = PBXGroup;
			children = (
				98952C6F27BA098500D5778E /* Mudhagoni_CalculatorTests.swift */,
			);
			path = Mudhagoni_CalculatorTests;
			sourceTree = "<group>";
		};
		98952C7827BA098500D5778E /* Mudhagoni_CalculatorUITests */ = {
			isa = PBXGroup;
			children = (
				98952C7927BA098500D5778E /* Mudhagoni_CalculatorUITests.swift */,
				98952C7B27BA098500D5778E /* Mudhagoni_CalculatorUITestsLaunchTests.swift */,
			);
			path = Mudhagoni_CalculatorUITests;
			sourceTree = "<group>";
		};
/* End PBXGroup section */

/* Begin PBXNativeTarget section */
		98952C5427BA098300D5778E /* Mudhagoni_Calculator */ = {
			isa = PBXNativeTarget;
			buildConfigurationList = 98952C7F27BA098500D5778E /* Build configuration list for PBXNativeTarget "Mudhagoni_Calculator" */;
			buildPhases = (
				98952C5127BA098300D5778E /* Sources */,
				98952C5227BA098300D5778E /* Frameworks */,
				98952C5327BA098300D5778E /* Resources */,
			);
			buildRules = (
			);
			dependencies = (
			);
			name = Mudhagoni_Calculator;
			productName = Mudhagoni_Calculator;
			productReference = 98952C5527BA098300D5778E /* Mudhagoni_Calculator.app */;
			productType = "com.apple.product-type.application";
		};
		98952C6A27BA098500D5778E /* Mudhagoni_CalculatorTests */ = {
			isa = PBXNativeTarget;
			buildConfigurationList = 98952C8227BA098500D5778E /* Build configuration list for PBXNativeTarget "Mudhagoni_CalculatorTests" */;
			buildPhases = (
				98952C6727BA098500D5778E /* Sources */,
				98952C6827BA098500D5778E /* Frameworks */,
				98952C6927BA098500D5778E /* Resources */,
			);
			buildRules = (
			);
			dependencies = (
				98952C6D27BA098500D5778E /* PBXTargetDependency */,
			);
			name = Mudhagoni_CalculatorTests;
			productName = Mudhagoni_CalculatorTests;
			productReference = 98952C6B27BA098500D5778E /* Mudhagoni_CalculatorTests.xctest */;
			productType = "com.apple.product-type.bundle.unit-test";
		};
		98952C7427BA098500D5778E /* Mudhagoni_CalculatorUITests */ = {
			isa = PBXNativeTarget;
			buildConfigurationList = 98952C8527BA098500D5778E /* Build configuration list for PBXNativeTarget "Mudhagoni_CalculatorUITests" */;
			buildPhases = (
				98952C7127BA098500D5778E /* Sources */,
				98952C7227BA098500D5778E /* Frameworks */,
				98952C7327BA098500D5778E /* Resources */,
			);
			buildRules = (
			);
			dependencies = (
				98952C7727BA098500D5778E /* PBXTargetDependency */,
			);
			name = Mudhagoni_CalculatorUITests;
			productName = Mudhagoni_CalculatorUITests;
			productReference = 98952C7527BA098500D5778E /* Mudhagoni_CalculatorUITests.xctest */;
			productType = "com.apple.product-type.bundle.ui-testing";
		};
/* End PBXNativeTarget section */

/* Begin PBXProject section */
		98952C4D27BA098200D5778E /* Project object */ = {
			isa = PBXProject;
			attributes = {
				BuildIndependentTargetsInParallel = 1;
				LastSwiftUpdateCheck = 1320;
				LastUpgradeCheck = 1320;
				TargetAttributes = {
					98952C5427BA098300D5778E = {
						CreatedOnToolsVersion = 13.2.1;
					};
					98952C6A27BA098500D5778E = {
						CreatedOnToolsVersion = 13.2.1;
						TestTargetID = 98952C5427BA098300D5778E;
					};
					98952C7427BA098500D5778E = {
						CreatedOnToolsVersion = 13.2.1;
						TestTargetID = 98952C5427BA098300D5778E;
					};
				};
			};
			buildConfigurationList = 98952C5027BA098300D5778E /* Build configuration list for PBXProject "Mudhagoni_Calculator" */;
			compatibilityVersion = "Xcode 13.0";
			developmentRegion = en;
			hasScannedForEncodings = 0;
			knownRegions = (
				en,
				Base,
			);
			mainGroup = 98952C4C27BA098200D5778E;
			productRefGroup = 98952C5627BA098300D5778E /* Products */;
			projectDirPath = "";
			projectRoot = "";
			targets = (
				98952C5427BA098300D5778E /* Mudhagoni_Calculator */,
				98952C6A27BA098500D5778E /* Mudhagoni_CalculatorTests */,
				98952C7427BA098500D5778E /* Mudhagoni_CalculatorUITests */,
			);
		};
/* End PBXProject section */

/* Begin PBXResourcesBuildPhase section */
		98952C5327BA098300D5778E /* Resources */ = {
			isa = PBXResourcesBuildPhase;
			buildActionMask = 2147483647;
			files = (
				98952C6527BA098500D5778E /* LaunchScreen.storyboard in Resources */,
				98952C6227BA098500D5778E /* Assets.xcassets in Resources */,
				98952C6027BA098300D5778E /* Main.storyboard in Resources */,
			);
			runOnlyForDeploymentPostprocessing = 0;
		};
		98952C6927BA098500D5778E /* Resources */ = {
			isa = PBXResourcesBuildPhase;
			buildActionMask = 2147483647;
			files = (
			);
			runOnlyForDeploymentPostprocessing = 0;
		};
		98952C7327BA098500D5778E /* Resources */ = {
			isa = PBXResourcesBuildPhase;
			buildActionMask = 2147483647;
			files = (
			);
			runOnlyForDeploymentPostprocessing = 0;
		};
/* End PBXResourcesBuildPhase section */

/* Begin PBXSourcesBuildPhase section */
		98952C5127BA098300D5778E /* Sources */ = {
			isa = PBXSourcesBuildPhase;
			buildActionMask = 2147483647;
			files = (
				98952C5D27BA098300D5778E /* ViewController.swift in Sources */,
				98952C5927BA098300D5778E /* AppDelegate.swift in Sources */,
				98952C5B27BA098300D5778E /* SceneDelegate.swift in Sources */,
			);
			runOnlyForDeploymentPostprocessing = 0;
		};
		98952C6727BA098500D5778E /* Sources */ = {
			isa = PBXSourcesBuildPhase;
			buildActionMask = 2147483647;
			files = (
				98952C7027BA098500D5778E /* Mudhagoni_CalculatorTests.swift in Sources */,
			);
			runOnlyForDeploymentPostprocessing = 0;
		};
		98952C7127BA098500D5778E /* Sources */ = {
			isa = PBXSourcesBuildPhase;
			buildActionMask = 2147483647;
			files = (
				98952C7A27BA098500D5778E /* Mudhagoni_CalculatorUITests.swift in Sources */,
				98952C7C27BA098500D5778E /* Mudhagoni_CalculatorUITestsLaunchTests.swift in Sources */,
			);
			runOnlyForDeploymentPostprocessing = 0;
		};
/* End PBXSourcesBuildPhase section */

/* Begin PBXTargetDependency section */
		98952C6D27BA098500D5778E /* PBXTargetDependency */ = {
			isa = PBXTargetDependency;
			target = 98952C5427BA098300D5778E /* Mudhagoni_Calculator */;
			targetProxy = 98952C6C27BA098500D5778E /* PBXContainerItemProxy */;
		};
		98952C7727BA098500D5778E /* PBXTargetDependency */ = {
			isa = PBXTargetDependency;
			target = 98952C5427BA098300D5778E /* Mudhagoni_Calculator */;
			targetProxy = 98952C7627BA098500D5778E /* PBXContainerItemProxy */;
		};
/* End PBXTargetDependency section */

/* Begin PBXVariantGroup section */
		98952C5E27BA098300D5778E /* Main.storyboard */ = {
			isa = PBXVariantGroup;
			children = (
				98952C5F27BA098300D5778E /* Base */,
			);
			name = Main.storyboard;
			sourceTree = "<group>";
		};
		98952C6327BA098500D5778E /* LaunchScreen.storyboard */ = {
			isa = PBXVariantGroup;
			children = (
				98952C6427BA098500D5778E /* Base */,
			);
			name = LaunchScreen.storyboard;
			sourceTree = "<group>";
		};
/* End PBXVariantGroup section */

/* Begin XCBuildConfiguration section */
		98952C7D27BA098500D5778E /* Debug */ = {
			isa = XCBuildConfiguration;
			buildSettings = {
				ALWAYS_SEARCH_USER_PATHS = NO;
				CLANG_ANALYZER_NONNULL = YES;
				CLANG_ANALYZER_NUMBER_OBJECT_CONVERSION = YES_AGGRESSIVE;
				CLANG_CXX_LANGUAGE_STANDARD = "gnu++17";
				CLANG_CXX_LIBRARY = "libc++";
				CLANG_ENABLE_MODULES = YES;
				CLANG_ENABLE_OBJC_ARC = YES;
				CLANG_ENABLE_OBJC_WEAK = YES;
				CLANG_WARN_BLOCK_CAPTURE_AUTORELEASING = YES;
				CLANG_WARN_BOOL_CONVERSION = YES;
				CLANG_WARN_COMMA = YES;
				CLANG_WARN_CONSTANT_CONVERSION = YES;
				CLANG_WARN_DEPRECATED_OBJC_IMPLEMENTATIONS = YES;
				CLANG_WARN_DIRECT_OBJC_ISA_USAGE = YES_ERROR;
				CLANG_WARN_DOCUMENTATION_COMMENTS = YES;
				CLANG_WARN_EMPTY_BODY = YES;
				CLANG_WARN_ENUM_CONVERSION = YES;
				CLANG_WARN_INFINITE_RECURSION = YES;
				CLANG_WARN_INT_CONVERSION = YES;
				CLANG_WARN_NON_LITERAL_NULL_CONVERSION = YES;
				CLANG_WARN_OBJC_IMPLICIT_RETAIN_SELF = YES;
				CLANG_WARN_OBJC_LITERAL_CONVERSION = YES;
				CLANG_WARN_OBJC_ROOT_CLASS = YES_ERROR;
				CLANG_WARN_QUOTED_INCLUDE_IN_FRAMEWORK_HEADER = YES;
				CLANG_WARN_RANGE_LOOP_ANALYSIS = YES;
				CLANG_WARN_STRICT_PROTOTYPES = YES;
				CLANG_WARN_SUSPICIOUS_MOVE = YES;
				CLANG_WARN_UNGUARDED_AVAILABILITY = YES_AGGRESSIVE;
				CLANG_WARN_UNREACHABLE_CODE = YES;
				CLANG_WARN__DUPLICATE_METHOD_MATCH = YES;
				COPY_PHASE_STRIP = NO;
				DEBUG_INFORMATION_FORMAT = dwarf;
				ENABLE_STRICT_OBJC_MSGSEND = YES;
				ENABLE_TESTABILITY = YES;
				GCC_C_LANGUAGE_STANDARD = gnu11;
				GCC_DYNAMIC_NO_PIC = NO;
				GCC_NO_COMMON_BLOCKS = YES;
				GCC_OPTIMIZATION_LEVEL = 0;
				GCC_PREPROCESSOR_DEFINITIONS = (
					"DEBUG=1",
					"$(inherited)",
				);
				GCC_WARN_64_TO_32_BIT_CONVERSION = YES;
				GCC_WARN_ABOUT_RETURN_TYPE = YES_ERROR;
				GCC_WARN_UNDECLARED_SELECTOR = YES;
				GCC_WARN_UNINITIALIZED_AUTOS = YES_AGGRESSIVE;
				GCC_WARN_UNUSED_FUNCTION = YES;
				GCC_WARN_UNUSED_VARIABLE = YES;
				IPHONEOS_DEPLOYMENT_TARGET = 15.2;
				MTL_ENABLE_DEBUG_INFO = INCLUDE_SOURCE;
				MTL_FAST_MATH = YES;
				ONLY_ACTIVE_ARCH = YES;
				SDKROOT = iphoneos;
				SWIFT_ACTIVE_COMPILATION_CONDITIONS = DEBUG;
				SWIFT_OPTIMIZATION_LEVEL = "-Onone";
			};
			name = Debug;
		};
		98952C7E27BA098500D5778E /* Release */ = {
			isa = XCBuildConfiguration;
			buildSettings = {
				ALWAYS_SEARCH_USER_PATHS = NO;
				CLANG_ANALYZER_NONNULL = YES;
				CLANG_ANALYZER_NUMBER_OBJECT_CONVERSION = YES_AGGRESSIVE;
				CLANG_CXX_LANGUAGE_STANDARD = "gnu++17";
				CLANG_CXX_LIBRARY = "libc++";
				CLANG_ENABLE_MODULES = YES;
				CLANG_ENABLE_OBJC_ARC = YES;
				CLANG_ENABLE_OBJC_WEAK = YES;
				CLANG_WARN_BLOCK_CAPTURE_AUTORELEASING = YES;
				CLANG_WARN_BOOL_CONVERSION = YES;
				CLANG_WARN_COMMA = YES;
				CLANG_WARN_CONSTANT_CONVERSION = YES;
				CLANG_WARN_DEPRECATED_OBJC_IMPLEMENTATIONS = YES;
				CLANG_WARN_DIRECT_OBJC_ISA_USAGE = YES_ERROR;
				CLANG_WARN_DOCUMENTATION_COMMENTS = YES;
				CLANG_WARN_EMPTY_BODY = YES;
				CLANG_WARN_ENUM_CONVERSION = YES;
				CLANG_WARN_INFINITE_RECURSION = YES;
				CLANG_WARN_INT_CONVERSION = YES;
				CLANG_WARN_NON_LITERAL_NULL_CONVERSION = YES;
				CLANG_WARN_OBJC_IMPLICIT_RETAIN_SELF = YES;
				CLANG_WARN_OBJC_LITERAL_CONVERSION = YES;
				CLANG_WARN_OBJC_ROOT_CLASS = YES_ERROR;
				CLANG_WARN_QUOTED_INCLUDE_IN_FRAMEWORK_HEADER = YES;
				CLANG_WARN_RANGE_LOOP_ANALYSIS = YES;
				CLANG_WARN_STRICT_PROTOTYPES = YES;
				CLANG_WARN_SUSPICIOUS_MOVE = YES;
				CLANG_WARN_UNGUARDED_AVAILABILITY = YES_AGGRESSIVE;
				CLANG_WARN_UNREACHABLE_CODE = YES;
				CLANG_WARN__DUPLICATE_METHOD_MATCH = YES;
				COPY_PHASE_STRIP = NO;
				DEBUG_INFORMATION_FORMAT = "dwarf-with-dsym";
				ENABLE_NS_ASSERTIONS = NO;
				ENABLE_STRICT_OBJC_MSGSEND = YES;
				GCC_C_LANGUAGE_STANDARD = gnu11;
				GCC_NO_COMMON_BLOCKS = YES;
				GCC_WARN_64_TO_32_BIT_CONVERSION = YES;
				GCC_WARN_ABOUT_RETURN_TYPE = YES_ERROR;
				GCC_WARN_UNDECLARED_SELECTOR = YES;
				GCC_WARN_UNINITIALIZED_AUTOS = YES_AGGRESSIVE;
				GCC_WARN_UNUSED_FUNCTION = YES;
				GCC_WARN_UNUSED_VARIABLE = YES;
				IPHONEOS_DEPLOYMENT_TARGET = 15.2;
				MTL_ENABLE_DEBUG_INFO = NO;
				MTL_FAST_MATH = YES;
				SDKROOT = iphoneos;
				SWIFT_COMPILATION_MODE = wholemodule;
				SWIFT_OPTIMIZATION_LEVEL = "-O";
				VALIDATE_PRODUCT = YES;
			};
			name = Release;
		};
		98952C8027BA098500D5778E /* Debug */ = {
			isa = XCBuildConfiguration;
			buildSettings = {
				ASSETCATALOG_COMPILER_APPICON_NAME = AppIcon;
				ASSETCATALOG_COMPILER_GLOBAL_ACCENT_COLOR_NAME = AccentColor;
				CODE_SIGN_STYLE = Automatic;
				CURRENT_PROJECT_VERSION = 1;
				GENERATE_INFOPLIST_FILE = YES;
				INFOPLIST_FILE = Mudhagoni_Calculator/Info.plist;
				INFOPLIST_KEY_CFBundleDisplayName = Mudhagoni_Calculator;
				INFOPLIST_KEY_UIApplicationSupportsIndirectInputEvents = YES;
				INFOPLIST_KEY_UILaunchStoryboardName = LaunchScreen;
				INFOPLIST_KEY_UIMainStoryboardFile = Main;
				INFOPLIST_KEY_UISupportedInterfaceOrientations_iPad = "UIInterfaceOrientationPortrait UIInterfaceOrientationPortraitUpsideDown UIInterfaceOrientationLandscapeLeft UIInterfaceOrientationLandscapeRight";
				INFOPLIST_KEY_UISupportedInterfaceOrientations_iPhone = "UIInterfaceOrientationPortrait UIInterfaceOrientationLandscapeLeft UIInterfaceOrientationLandscapeRight";
				LD_RUNPATH_SEARCH_PATHS = (
					"$(inherited)",
					"@executable_path/Frameworks",
				);
				MARKETING_VERSION = 1.0;
				PRODUCT_BUNDLE_IDENTIFIER = "nwmsu.Mudhagoni-Calculator";
				PRODUCT_NAME = "$(TARGET_NAME)";
				SWIFT_EMIT_LOC_STRINGS = YES;
				SWIFT_VERSION = 5.0;
				TARGETED_DEVICE_FAMILY = "1,2";
			};
			name = Debug;
		};
		98952C8127BA098500D5778E /* Release */ = {
			isa = XCBuildConfiguration;
			buildSettings = {
				ASSETCATALOG_COMPILER_APPICON_NAME = AppIcon;
				ASSETCATALOG_COMPILER_GLOBAL_ACCENT_COLOR_NAME = AccentColor;
				CODE_SIGN_STYLE = Automatic;
				CURRENT_PROJECT_VERSION = 1;
				GENERATE_INFOPLIST_FILE = YES;
				INFOPLIST_FILE = Mudhagoni_Calculator/Info.plist;
				INFOPLIST_KEY_CFBundleDisplayName = Mudhagoni_Calculator;
				INFOPLIST_KEY_UIApplicationSupportsIndirectInputEvents = YES;
				INFOPLIST_KEY_UILaunchStoryboardName = LaunchScreen;
				INFOPLIST_KEY_UIMainStoryboardFile = Main;
				INFOPLIST_KEY_UISupportedInterfaceOrientations_iPad = "UIInterfaceOrientationPortrait UIInterfaceOrientationPortraitUpsideDown UIInterfaceOrientationLandscapeLeft UIInterfaceOrientationLandscapeRight";
				INFOPLIST_KEY_UISupportedInterfaceOrientations_iPhone = "UIInterfaceOrientationPortrait UIInterfaceOrientationLandscapeLeft UIInterfaceOrientationLandscapeRight";
				LD_RUNPATH_SEARCH_PATHS = (
					"$(inherited)",
					"@executable_path/Frameworks",
				);
				MARKETING_VERSION = 1.0;
				PRODUCT_BUNDLE_IDENTIFIER = "nwmsu.Mudhagoni-Calculator";
				PRODUCT_NAME = "$(TARGET_NAME)";
				SWIFT_EMIT_LOC_STRINGS = YES;
				SWIFT_VERSION = 5.0;
				TARGETED_DEVICE_FAMILY = "1,2";
			};
			name = Release;
		};
		98952C8327BA098500D5778E /* Debug */ = {
			isa = XCBuildConfiguration;
			buildSettings = {
				ALWAYS_EMBED_SWIFT_STANDARD_LIBRARIES = YES;
				BUNDLE_LOADER = "$(TEST_HOST)";
				CODE_SIGN_STYLE = Automatic;
				CURRENT_PROJECT_VERSION = 1;
				GENERATE_INFOPLIST_FILE = YES;
				IPHONEOS_DEPLOYMENT_TARGET = 15.2;
				MARKETING_VERSION = 1.0;
				PRODUCT_BUNDLE_IDENTIFIER = "nwmsu.Mudhagoni-CalculatorTests";
				PRODUCT_NAME = "$(TARGET_NAME)";
				SWIFT_EMIT_LOC_STRINGS = NO;
				SWIFT_VERSION = 5.0;
				TARGETED_DEVICE_FAMILY = "1,2";
				TEST_HOST = "$(BUILT_PRODUCTS_DIR)/Mudhagoni_Calculator.app/Mudhagoni_Calculator";
			};
			name = Debug;
		};
		98952C8427BA098500D5778E /* Release */ = {
			isa = XCBuildConfiguration;
			buildSettings = {
				ALWAYS_EMBED_SWIFT_STANDARD_LIBRARIES = YES;
				BUNDLE_LOADER = "$(TEST_HOST)";
				CODE_SIGN_STYLE = Automatic;
				CURRENT_PROJECT_VERSION = 1;
				GENERATE_INFOPLIST_FILE = YES;
				IPHONEOS_DEPLOYMENT_TARGET = 15.2;
				MARKETING_VERSION = 1.0;
				PRODUCT_BUNDLE_IDENTIFIER = "nwmsu.Mudhagoni-CalculatorTests";
				PRODUCT_NAME = "$(TARGET_NAME)";
				SWIFT_EMIT_LOC_STRINGS = NO;
				SWIFT_VERSION = 5.0;
				TARGETED_DEVICE_FAMILY = "1,2";
				TEST_HOST = "$(BUILT_PRODUCTS_DIR)/Mudhagoni_Calculator.app/Mudhagoni_Calculator";
			};
			name = Release;
		};
		98952C8627BA098500D5778E /* Debug */ = {
			isa = XCBuildConfiguration;
			buildSettings = {
				ALWAYS_EMBED_SWIFT_STANDARD_LIBRARIES = YES;
				CODE_SIGN_STYLE = Automatic;
				CURRENT_PROJECT_VERSION = 1;
				GENERATE_INFOPLIST_FILE = YES;
				MARKETING_VERSION = 1.0;
				PRODUCT_BUNDLE_IDENTIFIER = "nwmsu.Mudhagoni-CalculatorUITests";
				PRODUCT_NAME = "$(TARGET_NAME)";
				SWIFT_EMIT_LOC_STRINGS = NO;
				SWIFT_VERSION = 5.0;
				TARGETED_DEVICE_FAMILY = "1,2";
				TEST_TARGET_NAME = Mudhagoni_Calculator;
			};
			name = Debug;
		};
		98952C8727BA098500D5778E /* Release */ = {
			isa = XCBuildConfiguration;
			buildSettings = {
				ALWAYS_EMBED_SWIFT_STANDARD_LIBRARIES = YES;
				CODE_SIGN_STYLE = Automatic;
				CURRENT_PROJECT_VERSION = 1;
				GENERATE_INFOPLIST_FILE = YES;
				MARKETING_VERSION = 1.0;
				PRODUCT_BUNDLE_IDENTIFIER = "nwmsu.Mudhagoni-CalculatorUITests";
				PRODUCT_NAME = "$(TARGET_NAME)";
				SWIFT_EMIT_LOC_STRINGS = NO;
				SWIFT_VERSION = 5.0;
				TARGETED_DEVICE_FAMILY = "1,2";
				TEST_TARGET_NAME = Mudhagoni_Calculator;
			};
			name = Release;
		};
/* End XCBuildConfiguration section */

/* Begin XCConfigurationList section */
		98952C5027BA098300D5778E /* Build configuration list for PBXProject "Mudhagoni_Calculator" */ = {
			isa = XCConfigurationList;
			buildConfigurations = (
				98952C7D27BA098500D5778E /* Debug */,
				98952C7E27BA098500D5778E /* Release */,
			);
			defaultConfigurationIsVisible = 0;
			defaultConfigurationName = Release;
		};
		98952C7F27BA098500D5778E /* Build configuration list for PBXNativeTarget "Mudhagoni_Calculator" */ = {
			isa = XCConfigurationList;
			buildConfigurations = (
				98952C8027BA098500D5778E /* Debug */,
				98952C8127BA098500D5778E /* Release */,
			);
			defaultConfigurationIsVisible = 0;
			defaultConfigurationName = Release;
		};
		98952C8227BA098500D5778E /* Build configuration list for PBXNativeTarget "Mudhagoni_CalculatorTests" */ = {
			isa = XCConfigurationList;
			buildConfigurations = (
				98952C8327BA098500D5778E /* Debug */,
				98952C8427BA098500D5778E /* Release */,
			);
			defaultConfigurationIsVisible = 0;
			defaultConfigurationName = Release;
		};
		98952C8527BA098500D5778E /* Build configuration list for PBXNativeTarget "Mudhagoni_CalculatorUITests" */ = {
			isa = XCConfigurationList;
			buildConfigurations = (
				98952C8627BA098500D5778E /* Debug */,
				98952C8727BA098500D5778E /* Release */,
			);
			defaultConfigurationIsVisible = 0;
			defaultConfigurationName = Release;
		};
/* End XCConfigurationList section */
	};
	rootObject = 98952C4D27BA098200D5778E /* Project object */;
}
